{
  "name": "calendar",
  "lockfileVersion": 2,
  "requires": true,
  "packages": {
    "": {
      "name": "calendar",
      "hasInstallScript": true,
      "devDependencies": {
        "elm-tooling": "^1.8.0"
      }
    },
    "node_modules/elm-tooling": {
      "version": "1.8.0",
      "resolved": "https://registry.npmjs.org/elm-tooling/-/elm-tooling-1.8.0.tgz",
      "integrity": "sha512-IjMvW/VHqxLidlJSAocBGDBmqiZ1NS0lK/UCMRU4ULEEaTVjpSd/9Dv0mH2ok0H0egSTYx19GnrdL4Lq9h+z+A==",
      "dev": true,
      "bin": {
        "elm-tooling": "index.js"
      }
    }
  },
  "dependencies": {
    "elm-tooling": {
      "version": "1.8.0",
      "resolved": "https://registry.npmjs.org/elm-tooling/-/elm-tooling-1.8.0.tgz",
      "integrity": "sha512-IjMvW/VHqxLidlJSAocBGDBmqiZ1NS0lK/UCMRU4ULEEaTVjpSd/9Dv0mH2ok0H0egSTYx19GnrdL4Lq9h+z+A==",
      "dev": true
    }
  }
}
